<?xml version="1.0" encoding="utf-8"?>
<Project ToolsVersion="4.0" xmlns="http://schemas.microsoft.com/developer/msbuild/2003">
  <ItemGroup>
    <Filter Include="ソース ファイル">
      <UniqueIdentifier>{4FC737F1-C7A5-4376-A066-2A32D752A2FF}</UniqueIdentifier>
      <Extensions>cpp;c;cc;cxx;def;odl;idl;hpj;bat;asm;asmx</Extensions>
    </Filter>
    <Filter Include="ヘッダー ファイル">
      <UniqueIdentifier>{93995380-89BD-4b04-88EB-625FBE52EBFB}</UniqueIdentifier>
      <Extensions>h;hh;hpp;hxx;hm;inl;inc;xsd</Extensions>
    </Filter>
    <Filter Include="リソース ファイル">
      <UniqueIdentifier>{67DA6AB6-F800-4c08-8B7A-83BB121AAD01}</UniqueIdentifier>
      <Extensions>rc;ico;cur;bmp;dlg;rc2;rct;bin;rgs;gif;jpg;jpeg;jpe;resx;tiff;tif;png;wav;mfcribbon-ms</Extensions>
    </Filter>
    <Filter Include="ヘッダー ファイル\goexit">
      <UniqueIdentifier>{9ade3cba-07ee-4471-b294-2c8d13d269be}</UniqueIdentifier>
    </Filter>
    <Filter Include="ソース ファイル\goexit">
      <UniqueIdentifier>{c78106b9-f4ab-4e56-9521-2673e656efc0}</UniqueIdentifier>
    </Filter>
    <Filter Include="ヘッダー ファイル\myrandom">
      <UniqueIdentifier>{27678034-db97-4138-abad-b96afc2f8a21}</UniqueIdentifier>
    </Filter>
    <Filter Include="ヘッダー ファイル\SFMT">
      <UniqueIdentifier>{de68e7c2-540a-4197-a3df-b35ecd154ead}</UniqueIdentifier>
    </Filter>
    <Filter Include="ソース ファイル\SFMT">
      <UniqueIdentifier>{ac4041d0-6102-4018-a210-fa395bc18104}</UniqueIdentifier>
    </Filter>
  </ItemGroup>
  <ItemGroup>
    <ClCompile Include="mabinogi_roulette_mc.cpp">
      <Filter>ソース ファイル</Filter>
    </ClCompile>
    <ClCompile Include="goexit\goexit.cpp">
      <Filter>ソース ファイル\goexit</Filter>
    </ClCompile>
    <ClCompile Include="..\SFMT-src-1.5.1\SFMT.c">
      <Filter>ソース ファイル\SFMT</Filter>
    </ClCompile>
  </ItemGroup>
  <ItemGroup>
    <ClInclude Include="goexit\goexit.h">
      <Filter>ヘッダー ファイル\goexit</Filter>
    </ClInclude>
    <ClInclude Include="myrandom\myrand.h">
      <Filter>ヘッダー ファイル\myrandom</Filter>
    </ClInclude>
    <ClInclude Include="myrandom\myrandsfmt.h">
      <Filter>ヘッダー ファイル\myrandom</Filter>
    </ClInclude>
    <ClInclude Include="..\SFMT-src-1.5.1\SFMT.h">
      <Filter>ヘッダー ファイル\SFMT</Filter>
    </ClInclude>
  </ItemGroup>
</Project>